
Microsoft Visual Studio Solution File, Format Version 12.00
# Visual Studio Version 17
VisualStudioVersion = 17.1.32210.238
MinimumVisualStudioVersion = 10.0.40219.1
Project("{FAE04EC0-301F-11D3-BF4B-00C04F79EFBC}") = "windows-chatgpt", "windows-chatgpt\windows-chatgpt.csproj", "{BB97F39C-5B7C-4299-A98D-00E970F1E73D}"
EndProject
Global
	GlobalSection(SolutionConfigurationPlatforms) = preSolution
		Debug|Any CPU = Debug|Any CPU
		Release|Any CPU = Release|Any CPU
	EndGlobalSection
	GlobalSection(ProjectConfigurationPlatforms) = postSolution
		{BB97F39C-5B7C-4299-A98D-00E970F1E73D}.Debug|Any CPU.ActiveCfg = Debug|Any CPU
		{BB97F39C-5B7C-4299-A98D-00E970F1E73D}.Debug|Any CPU.Build.0 = Debug|Any CPU
		{BB97F39C-5B7C-4299-A98D-00E970F1E73D}.Release|Any CPU.ActiveCfg = Release|Any CPU
		{BB97F39C-5B7C-4299-A98D-00E970F1E73D}.Release|Any CPU.Build.0 = Release|Any CPU
	EndGlobalSection
	GlobalSection(SolutionProperties) = preSolution
		HideSolutionNode = FALSE
	EndGlobalSection
	GlobalSection(ExtensibilityGlobals) = postSolution
		SolutionGuid = {D39361AC-83E7-4987-8955-6BA7192D4180}
	EndGlobalSection
EndGlobal
